
Microsoft Visual Studio Solution File, Format Version 12.00
# Visual Studio Version 17
VisualStudioVersion = 17.4.33122.133
MinimumVisualStudioVersion = 10.0.40219.1
Project("{FAE04EC0-301F-11D3-BF4B-00C04F79EFBC}") = "Project", "Project\Project.csproj", "{E40F127D-7BDE-47CA-B9BC-2C39F4705E48}"
EndProject
Global
	GlobalSection(SolutionConfigurationPlatforms) = preSolution
		Debug|Any CPU = Debug|Any CPU
		Release|Any CPU = Release|Any CPU
	EndGlobalSection
	GlobalSection(ProjectConfigurationPlatforms) = postSolution
		{E40F127D-7BDE-47CA-B9BC-2C39F4705E48}.Debug|Any CPU.ActiveCfg = Debug|Any CPU
		{E40F127D-7BDE-47CA-B9BC-2C39F4705E48}.Debug|Any CPU.Build.0 = Debug|Any CPU
		{E40F127D-7BDE-47CA-B9BC-2C39F4705E48}.Release|Any CPU.ActiveCfg = Release|Any CPU
		{E40F127D-7BDE-47CA-B9BC-2C39F4705E48}.Release|Any CPU.Build.0 = Release|Any CPU
	EndGlobalSection
	GlobalSection(SolutionProperties) = preSolution
		HideSolutionNode = FALSE
	EndGlobalSection
	GlobalSection(ExtensibilityGlobals) = postSolution
		SolutionGuid = {BAF4478F-7527-4A23-B490-4F27D49B0576}
	EndGlobalSection
EndGlobal
