
Microsoft Visual Studio Solution File, Format Version 12.00
# Visual Studio Version 17
VisualStudioVersion = 17.5.33516.290
MinimumVisualStudioVersion = 10.0.40219.1
Project("{FAE04EC0-301F-11D3-BF4B-00C04F79EFBC}") = "WindowsFormsApp6", "WindowsFormsApp6\WindowsFormsApp6.csproj", "{57F8795F-F0EF-47FA-9F03-88A2846BE478}"
EndProject
Global
	GlobalSection(SolutionConfigurationPlatforms) = preSolution
		Debug|Any CPU = Debug|Any CPU
		Release|Any CPU = Release|Any CPU
	EndGlobalSection
	GlobalSection(ProjectConfigurationPlatforms) = postSolution
		{57F8795F-F0EF-47FA-9F03-88A2846BE478}.Debug|Any CPU.ActiveCfg = Debug|Any CPU
		{57F8795F-F0EF-47FA-9F03-88A2846BE478}.Debug|Any CPU.Build.0 = Debug|Any CPU
		{57F8795F-F0EF-47FA-9F03-88A2846BE478}.Release|Any CPU.ActiveCfg = Release|Any CPU
		{57F8795F-F0EF-47FA-9F03-88A2846BE478}.Release|Any CPU.Build.0 = Release|Any CPU
	EndGlobalSection
	GlobalSection(SolutionProperties) = preSolution
		HideSolutionNode = FALSE
	EndGlobalSection
	GlobalSection(ExtensibilityGlobals) = postSolution
		SolutionGuid = {FF13E17C-D7B1-418C-9A5C-F9D3FEC32768}
	EndGlobalSection
EndGlobal
