
Microsoft Visual Studio Solution File, Format Version 12.00
# Visual Studio Version 17
VisualStudioVersion = 17.8.34525.116
MinimumVisualStudioVersion = 10.0.40219.1
Project("{8BC9CEB8-8B4A-11D0-8D11-00A0C91BC942}") = "sr_Seidaliev_Semivolos_5", "sr_Seidaliev_Semivolos_5\sr_Seidaliev_Semivolos_5.vcxproj", "{03135329-A949-45A9-9AD3-60BB3BCD8D47}"
EndProject
Global
	GlobalSection(SolutionConfigurationPlatforms) = preSolution
		Debug|x64 = Debug|x64
		Debug|x86 = Debug|x86
		Release|x64 = Release|x64
		Release|x86 = Release|x86
	EndGlobalSection
	GlobalSection(ProjectConfigurationPlatforms) = postSolution
		{03135329-A949-45A9-9AD3-60BB3BCD8D47}.Debug|x64.ActiveCfg = Debug|x64
		{03135329-A949-45A9-9AD3-60BB3BCD8D47}.Debug|x64.Build.0 = Debug|x64
		{03135329-A949-45A9-9AD3-60BB3BCD8D47}.Debug|x86.ActiveCfg = Debug|Win32
		{03135329-A949-45A9-9AD3-60BB3BCD8D47}.Debug|x86.Build.0 = Debug|Win32
		{03135329-A949-45A9-9AD3-60BB3BCD8D47}.Release|x64.ActiveCfg = Release|x64
		{03135329-A949-45A9-9AD3-60BB3BCD8D47}.Release|x64.Build.0 = Release|x64
		{03135329-A949-45A9-9AD3-60BB3BCD8D47}.Release|x86.ActiveCfg = Release|Win32
		{03135329-A949-45A9-9AD3-60BB3BCD8D47}.Release|x86.Build.0 = Release|Win32
	EndGlobalSection
	GlobalSection(SolutionProperties) = preSolution
		HideSolutionNode = FALSE
	EndGlobalSection
	GlobalSection(ExtensibilityGlobals) = postSolution
		SolutionGuid = {094435CF-57C2-4DF5-844F-6B5D9F88C253}
	EndGlobalSection
EndGlobal
