
Microsoft Visual Studio Solution File, Format Version 12.00
# Visual Studio Version 17
VisualStudioVersion = 17.8.34525.116
MinimumVisualStudioVersion = 10.0.40219.1
Project("{8BC9CEB8-8B4A-11D0-8D11-00A0C91BC942}") = "Semiv_9B", "Semiv_9B\Semiv_9B.vcxproj", "{F7A63A5B-75FC-4FFD-A67C-5A57726E0C93}"
EndProject
Global
	GlobalSection(SolutionConfigurationPlatforms) = preSolution
		Debug|x64 = Debug|x64
		Debug|x86 = Debug|x86
		Release|x64 = Release|x64
		Release|x86 = Release|x86
	EndGlobalSection
	GlobalSection(ProjectConfigurationPlatforms) = postSolution
		{F7A63A5B-75FC-4FFD-A67C-5A57726E0C93}.Debug|x64.ActiveCfg = Debug|x64
		{F7A63A5B-75FC-4FFD-A67C-5A57726E0C93}.Debug|x64.Build.0 = Debug|x64
		{F7A63A5B-75FC-4FFD-A67C-5A57726E0C93}.Debug|x86.ActiveCfg = Debug|Win32
		{F7A63A5B-75FC-4FFD-A67C-5A57726E0C93}.Debug|x86.Build.0 = Debug|Win32
		{F7A63A5B-75FC-4FFD-A67C-5A57726E0C93}.Release|x64.ActiveCfg = Release|x64
		{F7A63A5B-75FC-4FFD-A67C-5A57726E0C93}.Release|x64.Build.0 = Release|x64
		{F7A63A5B-75FC-4FFD-A67C-5A57726E0C93}.Release|x86.ActiveCfg = Release|Win32
		{F7A63A5B-75FC-4FFD-A67C-5A57726E0C93}.Release|x86.Build.0 = Release|Win32
	EndGlobalSection
	GlobalSection(SolutionProperties) = preSolution
		HideSolutionNode = FALSE
	EndGlobalSection
	GlobalSection(ExtensibilityGlobals) = postSolution
		SolutionGuid = {6DEFD84F-D182-4FAF-AA7A-BD90AF8A3F25}
	EndGlobalSection
EndGlobal
