
Microsoft Visual Studio Solution File, Format Version 12.00
# Visual Studio Version 16
VisualStudioVersion = 16.0.31702.278
MinimumVisualStudioVersion = 10.0.40219.1
Project("{FAE04EC0-301F-11D3-BF4B-00C04F79EFBC}") = "WinForms_lab2_1", "WinForms_lab2_1.csproj", "{B53D0996-4707-4E0C-95AC-2685F3132792}"
EndProject
Global
	GlobalSection(SolutionConfigurationPlatforms) = preSolution
		Debug|Any CPU = Debug|Any CPU
		Release|Any CPU = Release|Any CPU
	EndGlobalSection
	GlobalSection(ProjectConfigurationPlatforms) = postSolution
		{B53D0996-4707-4E0C-95AC-2685F3132792}.Debug|Any CPU.ActiveCfg = Debug|Any CPU
		{B53D0996-4707-4E0C-95AC-2685F3132792}.Debug|Any CPU.Build.0 = Debug|Any CPU
		{B53D0996-4707-4E0C-95AC-2685F3132792}.Release|Any CPU.ActiveCfg = Release|Any CPU
		{B53D0996-4707-4E0C-95AC-2685F3132792}.Release|Any CPU.Build.0 = Release|Any CPU
	EndGlobalSection
	GlobalSection(SolutionProperties) = preSolution
		HideSolutionNode = FALSE
	EndGlobalSection
	GlobalSection(ExtensibilityGlobals) = postSolution
		SolutionGuid = {05DB2D86-DD23-4BD3-878D-DBEFE1B77444}
	EndGlobalSection
EndGlobal
