
Microsoft Visual Studio Solution File, Format Version 12.00
# Visual Studio Version 16
VisualStudioVersion = 16.0.31702.278
MinimumVisualStudioVersion = 10.0.40219.1
Project("{FAE04EC0-301F-11D3-BF4B-00C04F79EFBC}") = "calc", "calc.csproj", "{6BC1A77E-88C3-44A6-A2FB-51802AF022A5}"
EndProject
Global
	GlobalSection(SolutionConfigurationPlatforms) = preSolution
		Debug|Any CPU = Debug|Any CPU
		Release|Any CPU = Release|Any CPU
	EndGlobalSection
	GlobalSection(ProjectConfigurationPlatforms) = postSolution
		{6BC1A77E-88C3-44A6-A2FB-51802AF022A5}.Debug|Any CPU.ActiveCfg = Debug|Any CPU
		{6BC1A77E-88C3-44A6-A2FB-51802AF022A5}.Debug|Any CPU.Build.0 = Debug|Any CPU
		{6BC1A77E-88C3-44A6-A2FB-51802AF022A5}.Release|Any CPU.ActiveCfg = Release|Any CPU
		{6BC1A77E-88C3-44A6-A2FB-51802AF022A5}.Release|Any CPU.Build.0 = Release|Any CPU
	EndGlobalSection
	GlobalSection(SolutionProperties) = preSolution
		HideSolutionNode = FALSE
	EndGlobalSection
	GlobalSection(ExtensibilityGlobals) = postSolution
		SolutionGuid = {82348338-79F8-4A2B-9BA8-67878FD1B03D}
	EndGlobalSection
EndGlobal
