
Microsoft Visual Studio Solution File, Format Version 12.00
# Visual Studio Version 17
VisualStudioVersion = 17.4.33122.133
MinimumVisualStudioVersion = 10.0.40219.1
Project("{FAE04EC0-301F-11D3-BF4B-00C04F79EFBC}") = "App", "App\App.csproj", "{5D98EC35-CAAA-4D51-BA34-03C22BCCA905}"
EndProject
Global
	GlobalSection(SolutionConfigurationPlatforms) = preSolution
		Debug|Any CPU = Debug|Any CPU
		Release|Any CPU = Release|Any CPU
	EndGlobalSection
	GlobalSection(ProjectConfigurationPlatforms) = postSolution
		{5D98EC35-CAAA-4D51-BA34-03C22BCCA905}.Debug|Any CPU.ActiveCfg = Debug|Any CPU
		{5D98EC35-CAAA-4D51-BA34-03C22BCCA905}.Debug|Any CPU.Build.0 = Debug|Any CPU
		{5D98EC35-CAAA-4D51-BA34-03C22BCCA905}.Release|Any CPU.ActiveCfg = Release|Any CPU
		{5D98EC35-CAAA-4D51-BA34-03C22BCCA905}.Release|Any CPU.Build.0 = Release|Any CPU
	EndGlobalSection
	GlobalSection(SolutionProperties) = preSolution
		HideSolutionNode = FALSE
	EndGlobalSection
	GlobalSection(ExtensibilityGlobals) = postSolution
		SolutionGuid = {C4D6B3A1-3B44-4D98-95C8-77AB95313B02}
	EndGlobalSection
EndGlobal
